
Microsoft Visual Studio Solution File, Format Version 12.00
# Visual Studio Version 16
VisualStudioVersion = 16.0.30406.217
MinimumVisualStudioVersion = 10.0.40219.1
Project("{FAE04EC0-301F-11D3-BF4B-00C04F79EFBC}") = "VM.Grpc.Server", "VM.Grpc.Server\VM.Grpc.Server.csproj", "{BCAF89F0-41C9-4A69-A378-9C1B498FB237}"
EndProject
Project("{FAE04EC0-301F-11D3-BF4B-00C04F79EFBC}") = "VM.Grpc.API", "VM.Grpc.API\VM.Grpc.API.csproj", "{15B4EC39-C626-4AA0-8356-20611B40A321}"
EndProject
Global
	GlobalSection(SolutionConfigurationPlatforms) = preSolution
		Debug|Any CPU = Debug|Any CPU
		Release|Any CPU = Release|Any CPU
	EndGlobalSection
	GlobalSection(ProjectConfigurationPlatforms) = postSolution
		{BCAF89F0-41C9-4A69-A378-9C1B498FB237}.Debug|Any CPU.ActiveCfg = Debug|Any CPU
		{BCAF89F0-41C9-4A69-A378-9C1B498FB237}.Debug|Any CPU.Build.0 = Debug|Any CPU
		{BCAF89F0-41C9-4A69-A378-9C1B498FB237}.Release|Any CPU.ActiveCfg = Release|Any CPU
		{BCAF89F0-41C9-4A69-A378-9C1B498FB237}.Release|Any CPU.Build.0 = Release|Any CPU
		{15B4EC39-C626-4AA0-8356-20611B40A321}.Debug|Any CPU.ActiveCfg = Debug|Any CPU
		{15B4EC39-C626-4AA0-8356-20611B40A321}.Debug|Any CPU.Build.0 = Debug|Any CPU
		{15B4EC39-C626-4AA0-8356-20611B40A321}.Release|Any CPU.ActiveCfg = Release|Any CPU
		{15B4EC39-C626-4AA0-8356-20611B40A321}.Release|Any CPU.Build.0 = Release|Any CPU
	EndGlobalSection
	GlobalSection(SolutionProperties) = preSolution
		HideSolutionNode = FALSE
	EndGlobalSection
	GlobalSection(ExtensibilityGlobals) = postSolution
		SolutionGuid = {6ADB7999-50B1-4493-96B6-718C50DC2465}
	EndGlobalSection
EndGlobal
